// !$*UTF8*$!
{
	archiveVersion = 1;
	classes = {
	};
	objectVersion = 56;
	objects = {

/* Begin PBXBuildFile section */
		C429DCA529633A8400B23852 /* CurrentLoggedUser.swift in Sources */ = {isa = PBXBuildFile; fileRef = C429DCA429633A8400B23852 /* CurrentLoggedUser.swift */; };
		C43A71C3296A1AFA0061538A /* RevenueCat in Frameworks */ = {isa = PBXBuildFile; productRef = C43A71C2296A1AFA0061538A /* RevenueCat */; };
		C43A71C6296A1CE60061538A /* FirebaseMessaging in Frameworks */ = {isa = PBXBuildFile; productRef = C43A71C5296A1CE60061538A /* FirebaseMessaging */; };
		C46E321D29628A50000DF094 /* What_to_EatApp.swift in Sources */ = {isa = PBXBuildFile; fileRef = C46E321C29628A50000DF094 /* What_to_EatApp.swift */; };
		C46E321F29628A50000DF094 /* InitialLaunchView.swift in Sources */ = {isa = PBXBuildFile; fileRef = C46E321E29628A50000DF094 /* InitialLaunchView.swift */; };
		C46E322129628A52000DF094 /* Assets.xcassets in Resources */ = {isa = PBXBuildFile; fileRef = C46E322029628A52000DF094 /* Assets.xcassets */; };
		C46E322429628A52000DF094 /* Preview Assets.xcassets in Resources */ = {isa = PBXBuildFile; fileRef = C46E322329628A52000DF094 /* Preview Assets.xcassets */; };
		C46E322C29628B67000DF094 /* FirebaseAnalytics in Frameworks */ = {isa = PBXBuildFile; productRef = C46E322B29628B67000DF094 /* FirebaseAnalytics */; };
		C46E322E29628B67000DF094 /* FirebaseAuth in Frameworks */ = {isa = PBXBuildFile; productRef = C46E322D29628B67000DF094 /* FirebaseAuth */; };
		C46E323029628B67000DF094 /* FirebaseCrashlytics in Frameworks */ = {isa = PBXBuildFile; productRef = C46E322F29628B67000DF094 /* FirebaseCrashlytics */; };
		C46E323229628B67000DF094 /* FirebaseFirestore in Frameworks */ = {isa = PBXBuildFile; productRef = C46E323129628B67000DF094 /* FirebaseFirestore */; };
		C46E323429628B67000DF094 /* FirebaseStorage in Frameworks */ = {isa = PBXBuildFile; productRef = C46E323329628B67000DF094 /* FirebaseStorage */; };
		C46E323729628C25000DF094 /* MailchimpSDK in Frameworks */ = {isa = PBXBuildFile; productRef = C46E323629628C25000DF094 /* MailchimpSDK */; };
		C46E323929628D6C000DF094 /* FirebaseMasterService.swift in Sources */ = {isa = PBXBuildFile; fileRef = C46E323829628D6C000DF094 /* FirebaseMasterService.swift */; };
		C46E323B29628D79000DF094 /* MailchimpMasterService.swift in Sources */ = {isa = PBXBuildFile; fileRef = C46E323A29628D79000DF094 /* MailchimpMasterService.swift */; };
		C46E323F29628E6A000DF094 /* GoogleService-Info.plist in Resources */ = {isa = PBXBuildFile; fileRef = C46E323E29628E6A000DF094 /* GoogleService-Info.plist */; };
		C478EEDC29760B8400C1FED9 /* FirebaseAnalyticsMaster.swift in Sources */ = {isa = PBXBuildFile; fileRef = C478EEDB29760B8400C1FED9 /* FirebaseAnalyticsMaster.swift */; };
/* End PBXBuildFile section */

/* Begin PBXFileReference section */
		C429DCA429633A8400B23852 /* CurrentLoggedUser.swift */ = {isa = PBXFileReference; lastKnownFileType = sourcecode.swift; path = CurrentLoggedUser.swift; sourceTree = "<group>"; };
		C4527C4C2976531B00B7CB6B /* What-to-Eat-Info.plist */ = {isa = PBXFileReference; lastKnownFileType = text.plist; path = "What-to-Eat-Info.plist"; sourceTree = SOURCE_ROOT; };
		C46E321929628A50000DF094 /* What to Eat.app */ = {isa = PBXFileReference; explicitFileType = wrapper.application; includeInIndex = 0; path = "What to Eat.app"; sourceTree = BUILT_PRODUCTS_DIR; };
		C46E321C29628A50000DF094 /* What_to_EatApp.swift */ = {isa = PBXFileReference; lastKnownFileType = sourcecode.swift; path = What_to_EatApp.swift; sourceTree = "<group>"; };
		C46E321E29628A50000DF094 /* InitialLaunchView.swift */ = {isa = PBXFileReference; lastKnownFileType = sourcecode.swift; path = InitialLaunchView.swift; sourceTree = "<group>"; };
		C46E322029628A52000DF094 /* Assets.xcassets */ = {isa = PBXFileReference; lastKnownFileType = folder.assetcatalog; path = Assets.xcassets; sourceTree = "<group>"; };
		C46E322329628A52000DF094 /* Preview Assets.xcassets */ = {isa = PBXFileReference; lastKnownFileType = folder.assetcatalog; path = "Preview Assets.xcassets"; sourceTree = "<group>"; };
		C46E323829628D6C000DF094 /* FirebaseMasterService.swift */ = {isa = PBXFileReference; lastKnownFileType = sourcecode.swift; path = FirebaseMasterService.swift; sourceTree = "<group>"; };
		C46E323A29628D79000DF094 /* MailchimpMasterService.swift */ = {isa = PBXFileReference; lastKnownFileType = sourcecode.swift; path = MailchimpMasterService.swift; sourceTree = "<group>"; };
		C46E323E29628E6A000DF094 /* GoogleService-Info.plist */ = {isa = PBXFileReference; fileEncoding = 4; lastKnownFileType = text.plist.xml; path = "GoogleService-Info.plist"; sourceTree = "<group>"; };
		C478EEDB29760B8400C1FED9 /* FirebaseAnalyticsMaster.swift */ = {isa = PBXFileReference; lastKnownFileType = sourcecode.swift; path = FirebaseAnalyticsMaster.swift; sourceTree = "<group>"; };
/* End PBXFileReference section */

/* Begin PBXFrameworksBuildPhase section */
		C46E321629628A50000DF094 /* Frameworks */ = {
			isa = PBXFrameworksBuildPhase;
			buildActionMask = 2147483647;
			files = (
				C43A71C6296A1CE60061538A /* FirebaseMessaging in Frameworks */,
				C46E323029628B67000DF094 /* FirebaseCrashlytics in Frameworks */,
				C46E323229628B67000DF094 /* FirebaseFirestore in Frameworks */,
				C43A71C3296A1AFA0061538A /* RevenueCat in Frameworks */,
				C46E322C29628B67000DF094 /* FirebaseAnalytics in Frameworks */,
				C46E323429628B67000DF094 /* FirebaseStorage in Frameworks */,
				C46E323729628C25000DF094 /* MailchimpSDK in Frameworks */,
				C46E322E29628B67000DF094 /* FirebaseAuth in Frameworks */,
			);
			runOnlyForDeploymentPostprocessing = 0;
		};
/* End PBXFrameworksBuildPhase section */

/* Begin PBXGroup section */
		C429DCA329633A7100B23852 /* Models */ = {
			isa = PBXGroup;
			children = (
				C429DCA429633A8400B23852 /* CurrentLoggedUser.swift */,
			);
			path = Models;
			sourceTree = "<group>";
		};
		C43A71C4296A1CE60061538A /* Frameworks */ = {
			isa = PBXGroup;
			children = (
			);
			name = Frameworks;
			sourceTree = "<group>";
		};
		C46E321029628A50000DF094 = {
			isa = PBXGroup;
			children = (
				C46E321B29628A50000DF094 /* What to Eat */,
				C46E321A29628A50000DF094 /* Products */,
				C43A71C4296A1CE60061538A /* Frameworks */,
			);
			sourceTree = "<group>";
		};
		C46E321A29628A50000DF094 /* Products */ = {
			isa = PBXGroup;
			children = (
				C46E321929628A50000DF094 /* What to Eat.app */,
			);
			name = Products;
			sourceTree = "<group>";
		};
		C46E321B29628A50000DF094 /* What to Eat */ = {
			isa = PBXGroup;
			children = (
				C4527C4C2976531B00B7CB6B /* What-to-Eat-Info.plist */,
				C46E321C29628A50000DF094 /* What_to_EatApp.swift */,
				C46E323E29628E6A000DF094 /* GoogleService-Info.plist */,
				C429DCA329633A7100B23852 /* Models */,
				C46E323C29628D7F000DF094 /* Views */,
				C46E323D29628D92000DF094 /* Services */,
				C46E322029628A52000DF094 /* Assets.xcassets */,
				C46E322229628A52000DF094 /* Preview Content */,
			);
			path = "What to Eat";
			sourceTree = "<group>";
		};
		C46E322229628A52000DF094 /* Preview Content */ = {
			isa = PBXGroup;
			children = (
				C46E322329628A52000DF094 /* Preview Assets.xcassets */,
			);
			path = "Preview Content";
			sourceTree = "<group>";
		};
		C46E323C29628D7F000DF094 /* Views */ = {
			isa = PBXGroup;
			children = (
				C46E321E29628A50000DF094 /* InitialLaunchView.swift */,
			);
			path = Views;
			sourceTree = "<group>";
		};
		C46E323D29628D92000DF094 /* Services */ = {
			isa = PBXGroup;
			children = (
				C46E323829628D6C000DF094 /* FirebaseMasterService.swift */,
				C46E323A29628D79000DF094 /* MailchimpMasterService.swift */,
				C478EEDB29760B8400C1FED9 /* FirebaseAnalyticsMaster.swift */,
			);
			path = Services;
			sourceTree = "<group>";
		};
/* End PBXGroup section */

/* Begin PBXNativeTarget section */
		C46E321829628A50000DF094 /* What to Eat */ = {
			isa = PBXNativeTarget;
			buildConfigurationList = C46E322729628A52000DF094 /* Build configuration list for PBXNativeTarget "What to Eat" */;
			buildPhases = (
				C46E321529628A50000DF094 /* Sources */,
				C46E321629628A50000DF094 /* Frameworks */,
				C46E321729628A50000DF094 /* Resources */,
			);
			buildRules = (
			);
			dependencies = (
			);
			name = "What to Eat";
			packageProductDependencies = (
				C46E322B29628B67000DF094 /* FirebaseAnalytics */,
				C46E322D29628B67000DF094 /* FirebaseAuth */,
				C46E322F29628B67000DF094 /* FirebaseCrashlytics */,
				C46E323129628B67000DF094 /* FirebaseFirestore */,
				C46E323329628B67000DF094 /* FirebaseStorage */,
				C46E323629628C25000DF094 /* MailchimpSDK */,
				C43A71C2296A1AFA0061538A /* RevenueCat */,
				C43A71C5296A1CE60061538A /* FirebaseMessaging */,
			);
			productName = "What to Eat";
			productReference = C46E321929628A50000DF094 /* What to Eat.app */;
			productType = "com.apple.product-type.application";
		};
/* End PBXNativeTarget section */

/* Begin PBXProject section */
		C46E321129628A50000DF094 /* Project object */ = {
			isa = PBXProject;
			attributes = {
				BuildIndependentTargetsInParallel = 1;
				LastSwiftUpdateCheck = 1410;
				LastUpgradeCheck = 1410;
				TargetAttributes = {
					C46E321829628A50000DF094 = {
						CreatedOnToolsVersion = 14.1;
					};
				};
			};
			buildConfigurationList = C46E321429628A50000DF094 /* Build configuration list for PBXProject "What to Eat" */;
			compatibilityVersion = "Xcode 14.0";
			developmentRegion = en;
			hasScannedForEncodings = 0;
			knownRegions = (
				en,
				Base,
			);
			mainGroup = C46E321029628A50000DF094;
			packageReferences = (
				C46E322A29628B67000DF094 /* XCRemoteSwiftPackageReference "firebase-ios-sdk" */,
				C46E323529628C25000DF094 /* XCRemoteSwiftPackageReference "Mailchimp-SDK-iOS" */,
				C43A71C1296A1AFA0061538A /* XCRemoteSwiftPackageReference "purchases-ios" */,
			);
			productRefGroup = C46E321A29628A50000DF094 /* Products */;
			projectDirPath = "";
			projectRoot = "";
			targets = (
				C46E321829628A50000DF094 /* What to Eat */,
			);
		};
/* End PBXProject section */

/* Begin PBXResourcesBuildPhase section */
		C46E321729628A50000DF094 /* Resources */ = {
			isa = PBXResourcesBuildPhase;
			buildActionMask = 2147483647;
			files = (
				C46E322429628A52000DF094 /* Preview Assets.xcassets in Resources */,
				C46E322129628A52000DF094 /* Assets.xcassets in Resources */,
				C46E323F29628E6A000DF094 /* GoogleService-Info.plist in Resources */,
			);
			runOnlyForDeploymentPostprocessing = 0;
		};
/* End PBXResourcesBuildPhase section */

/* Begin PBXSourcesBuildPhase section */
		C46E321529628A50000DF094 /* Sources */ = {
			isa = PBXSourcesBuildPhase;
			buildActionMask = 2147483647;
			files = (
				C429DCA529633A8400B23852 /* CurrentLoggedUser.swift in Sources */,
				C46E323B29628D79000DF094 /* MailchimpMasterService.swift in Sources */,
				C46E321F29628A50000DF094 /* InitialLaunchView.swift in Sources */,
				C478EEDC29760B8400C1FED9 /* FirebaseAnalyticsMaster.swift in Sources */,
				C46E321D29628A50000DF094 /* What_to_EatApp.swift in Sources */,
				C46E323929628D6C000DF094 /* FirebaseMasterService.swift in Sources */,
			);
			runOnlyForDeploymentPostprocessing = 0;
		};
/* End PBXSourcesBuildPhase section */

/* Begin XCBuildConfiguration section */
		C46E322529628A52000DF094 /* Debug */ = {
			isa = XCBuildConfiguration;
			buildSettings = {
				ALWAYS_SEARCH_USER_PATHS = NO;
				CLANG_ANALYZER_NONNULL = YES;
				CLANG_ANALYZER_NUMBER_OBJECT_CONVERSION = YES_AGGRESSIVE;
				CLANG_CXX_LANGUAGE_STANDARD = "gnu++20";
				CLANG_ENABLE_MODULES = YES;
				CLANG_ENABLE_OBJC_ARC = YES;
				CLANG_ENABLE_OBJC_WEAK = YES;
				CLANG_WARN_BLOCK_CAPTURE_AUTORELEASING = YES;
				CLANG_WARN_BOOL_CONVERSION = YES;
				CLANG_WARN_COMMA = YES;
				CLANG_WARN_CONSTANT_CONVERSION = YES;
				CLANG_WARN_DEPRECATED_OBJC_IMPLEMENTATIONS = YES;
				CLANG_WARN_DIRECT_OBJC_ISA_USAGE = YES_ERROR;
				CLANG_WARN_DOCUMENTATION_COMMENTS = YES;
				CLANG_WARN_EMPTY_BODY = YES;
				CLANG_WARN_ENUM_CONVERSION = YES;
				CLANG_WARN_INFINITE_RECURSION = YES;
				CLANG_WARN_INT_CONVERSION = YES;
				CLANG_WARN_NON_LITERAL_NULL_CONVERSION = YES;
				CLANG_WARN_OBJC_IMPLICIT_RETAIN_SELF = YES;
				CLANG_WARN_OBJC_LITERAL_CONVERSION = YES;
				CLANG_WARN_OBJC_ROOT_CLASS = YES_ERROR;
				CLANG_WARN_QUOTED_INCLUDE_IN_FRAMEWORK_HEADER = YES;
				CLANG_WARN_RANGE_LOOP_ANALYSIS = YES;
				CLANG_WARN_STRICT_PROTOTYPES = YES;
				CLANG_WARN_SUSPICIOUS_MOVE = YES;
				CLANG_WARN_UNGUARDED_AVAILABILITY = YES_AGGRESSIVE;
				CLANG_WARN_UNREACHABLE_CODE = YES;
				CLANG_WARN__DUPLICATE_METHOD_MATCH = YES;
				COPY_PHASE_STRIP = NO;
				DEBUG_INFORMATION_FORMAT = dwarf;
				ENABLE_STRICT_OBJC_MSGSEND = YES;
				ENABLE_TESTABILITY = YES;
				GCC_C_LANGUAGE_STANDARD = gnu11;
				GCC_DYNAMIC_NO_PIC = NO;
				GCC_NO_COMMON_BLOCKS = YES;
				GCC_OPTIMIZATION_LEVEL = 0;
				GCC_PREPROCESSOR_DEFINITIONS = (
					"DEBUG=1",
					"$(inherited)",
				);
				GCC_WARN_64_TO_32_BIT_CONVERSION = YES;
				GCC_WARN_ABOUT_RETURN_TYPE = YES_ERROR;
				GCC_WARN_UNDECLARED_SELECTOR = YES;
				GCC_WARN_UNINITIALIZED_AUTOS = YES_AGGRESSIVE;
				GCC_WARN_UNUSED_FUNCTION = YES;
				GCC_WARN_UNUSED_VARIABLE = YES;
				IPHONEOS_DEPLOYMENT_TARGET = 16.1;
				MTL_ENABLE_DEBUG_INFO = INCLUDE_SOURCE;
				MTL_FAST_MATH = YES;
				ONLY_ACTIVE_ARCH = YES;
				SDKROOT = iphoneos;
				SWIFT_ACTIVE_COMPILATION_CONDITIONS = DEBUG;
				SWIFT_OPTIMIZATION_LEVEL = "-Onone";
			};
			name = Debug;
		};
		C46E322629628A52000DF094 /* Release */ = {
			isa = XCBuildConfiguration;
			buildSettings = {
				ALWAYS_SEARCH_USER_PATHS = NO;
				CLANG_ANALYZER_NONNULL = YES;
				CLANG_ANALYZER_NUMBER_OBJECT_CONVERSION = YES_AGGRESSIVE;
				CLANG_CXX_LANGUAGE_STANDARD = "gnu++20";
				CLANG_ENABLE_MODULES = YES;
				CLANG_ENABLE_OBJC_ARC = YES;
				CLANG_ENABLE_OBJC_WEAK = YES;
				CLANG_WARN_BLOCK_CAPTURE_AUTORELEASING = YES;
				CLANG_WARN_BOOL_CONVERSION = YES;
				CLANG_WARN_COMMA = YES;
				CLANG_WARN_CONSTANT_CONVERSION = YES;
				CLANG_WARN_DEPRECATED_OBJC_IMPLEMENTATIONS = YES;
				CLANG_WARN_DIRECT_OBJC_ISA_USAGE = YES_ERROR;
				CLANG_WARN_DOCUMENTATION_COMMENTS = YES;
				CLANG_WARN_EMPTY_BODY = YES;
				CLANG_WARN_ENUM_CONVERSION = YES;
				CLANG_WARN_INFINITE_RECURSION = YES;
				CLANG_WARN_INT_CONVERSION = YES;
				CLANG_WARN_NON_LITERAL_NULL_CONVERSION = YES;
				CLANG_WARN_OBJC_IMPLICIT_RETAIN_SELF = YES;
				CLANG_WARN_OBJC_LITERAL_CONVERSION = YES;
				CLANG_WARN_OBJC_ROOT_CLASS = YES_ERROR;
				CLANG_WARN_QUOTED_INCLUDE_IN_FRAMEWORK_HEADER = YES;
				CLANG_WARN_RANGE_LOOP_ANALYSIS = YES;
				CLANG_WARN_STRICT_PROTOTYPES = YES;
				CLANG_WARN_SUSPICIOUS_MOVE = YES;
				CLANG_WARN_UNGUARDED_AVAILABILITY = YES_AGGRESSIVE;
				CLANG_WARN_UNREACHABLE_CODE = YES;
				CLANG_WARN__DUPLICATE_METHOD_MATCH = YES;
				COPY_PHASE_STRIP = NO;
				DEBUG_INFORMATION_FORMAT = "dwarf-with-dsym";
				ENABLE_NS_ASSERTIONS = NO;
				ENABLE_STRICT_OBJC_MSGSEND = YES;
				GCC_C_LANGUAGE_STANDARD = gnu11;
				GCC_NO_COMMON_BLOCKS = YES;
				GCC_WARN_64_TO_32_BIT_CONVERSION = YES;
				GCC_WARN_ABOUT_RETURN_TYPE = YES_ERROR;
				GCC_WARN_UNDECLARED_SELECTOR = YES;
				GCC_WARN_UNINITIALIZED_AUTOS = YES_AGGRESSIVE;
				GCC_WARN_UNUSED_FUNCTION = YES;
				GCC_WARN_UNUSED_VARIABLE = YES;
				IPHONEOS_DEPLOYMENT_TARGET = 16.1;
				MTL_ENABLE_DEBUG_INFO = NO;
				MTL_FAST_MATH = YES;
				SDKROOT = iphoneos;
				SWIFT_COMPILATION_MODE = wholemodule;
				SWIFT_OPTIMIZATION_LEVEL = "-O";
				VALIDATE_PRODUCT = YES;
			};
			name = Release;
		};
		C46E322829628A52000DF094 /* Debug */ = {
			isa = XCBuildConfiguration;
			buildSettings = {
				ASSETCATALOG_COMPILER_APPICON_NAME = AppIconSet;
				ASSETCATALOG_COMPILER_GLOBAL_ACCENT_COLOR_NAME = AccentColor;
				CODE_SIGN_STYLE = Automatic;
				CURRENT_PROJECT_VERSION = 1;
				DEVELOPMENT_ASSET_PATHS = "\"What to Eat/Preview Content\"";
				DEVELOPMENT_TEAM = CJ6UT2W89X;
				ENABLE_PREVIEWS = YES;
				GENERATE_INFOPLIST_FILE = YES;
				INFOPLIST_FILE = "What-to-Eat-Info.plist";
				INFOPLIST_KEY_CFBundleDisplayName = "What to Eat? IDK";
				INFOPLIST_KEY_LSApplicationCategoryType = "public.app-category.food-and-drink";
				INFOPLIST_KEY_NSLocationAlwaysAndWhenInUseUsageDescription = "We use your location to tailor location results to those nearest to you.";
				INFOPLIST_KEY_NSLocationWhenInUseUsageDescription = "We use your location to tailor location results to those nearest to you.";
				INFOPLIST_KEY_UIApplicationSceneManifest_Generation = YES;
				INFOPLIST_KEY_UIApplicationSupportsIndirectInputEvents = YES;
				INFOPLIST_KEY_UILaunchScreen_Generation = YES;
				INFOPLIST_KEY_UISupportedInterfaceOrientations = UIInterfaceOrientationPortrait;
				INFOPLIST_KEY_UISupportedInterfaceOrientations_iPad = "UIInterfaceOrientationLandscapeLeft UIInterfaceOrientationLandscapeRight";
				IPHONEOS_DEPLOYMENT_TARGET = 16.0;
				LD_RUNPATH_SEARCH_PATHS = (
					"$(inherited)",
					"@executable_path/Frameworks",
				);
				MARKETING_VERSION = 1.0;
				PRODUCT_BUNDLE_IDENTIFIER = "tech.chrislang.What-to-Eat";
				PRODUCT_NAME = "$(TARGET_NAME)";
				SUPPORTED_PLATFORMS = "iphoneos iphonesimulator";
				SUPPORTS_MACCATALYST = NO;
				SUPPORTS_MAC_DESIGNED_FOR_IPHONE_IPAD = NO;
				SWIFT_EMIT_LOC_STRINGS = YES;
				SWIFT_VERSION = 5.0;
				TARGETED_DEVICE_FAMILY = 1;
			};
			name = Debug;
		};
		C46E322929628A52000DF094 /* Release */ = {
			isa = XCBuildConfiguration;
			buildSettings = {
				ASSETCATALOG_COMPILER_APPICON_NAME = AppIconSet;
				ASSETCATALOG_COMPILER_GLOBAL_ACCENT_COLOR_NAME = AccentColor;
				CODE_SIGN_STYLE = Automatic;
				CURRENT_PROJECT_VERSION = 1;
				DEVELOPMENT_ASSET_PATHS = "\"What to Eat/Preview Content\"";
				DEVELOPMENT_TEAM = CJ6UT2W89X;
				ENABLE_PREVIEWS = YES;
				GENERATE_INFOPLIST_FILE = YES;
				INFOPLIST_FILE = "What-to-Eat-Info.plist";
				INFOPLIST_KEY_CFBundleDisplayName = "What to Eat? IDK";
				INFOPLIST_KEY_LSApplicationCategoryType = "public.app-category.food-and-drink";
				INFOPLIST_KEY_NSLocationAlwaysAndWhenInUseUsageDescription = "We use your location to tailor location results to those nearest to you.";
				INFOPLIST_KEY_NSLocationWhenInUseUsageDescription = "We use your location to tailor location results to those nearest to you.";
				INFOPLIST_KEY_UIApplicationSceneManifest_Generation = YES;
				INFOPLIST_KEY_UIApplicationSupportsIndirectInputEvents = YES;
				INFOPLIST_KEY_UILaunchScreen_Generation = YES;
				INFOPLIST_KEY_UISupportedInterfaceOrientations = UIInterfaceOrientationPortrait;
				INFOPLIST_KEY_UISupportedInterfaceOrientations_iPad = "UIInterfaceOrientationLandscapeLeft UIInterfaceOrientationLandscapeRight";
				IPHONEOS_DEPLOYMENT_TARGET = 16.0;
				LD_RUNPATH_SEARCH_PATHS = (
					"$(inherited)",
					"@executable_path/Frameworks",
				);
				MARKETING_VERSION = 1.0;
				PRODUCT_BUNDLE_IDENTIFIER = "tech.chrislang.What-to-Eat";
				PRODUCT_NAME = "$(TARGET_NAME)";
				SUPPORTED_PLATFORMS = "iphoneos iphonesimulator";
				SUPPORTS_MACCATALYST = NO;
				SUPPORTS_MAC_DESIGNED_FOR_IPHONE_IPAD = NO;
				SWIFT_EMIT_LOC_STRINGS = YES;
				SWIFT_VERSION = 5.0;
				TARGETED_DEVICE_FAMILY = 1;
			};
			name = Release;
		};
/* End XCBuildConfiguration section */

/* Begin XCConfigurationList section */
		C46E321429628A50000DF094 /* Build configuration list for PBXProject "What to Eat" */ = {
			isa = XCConfigurationList;
			buildConfigurations = (
				C46E322529628A52000DF094 /* Debug */,
				C46E322629628A52000DF094 /* Release */,
			);
			defaultConfigurationIsVisible = 0;
			defaultConfigurationName = Release;
		};
		C46E322729628A52000DF094 /* Build configuration list for PBXNativeTarget "What to Eat" */ = {
			isa = XCConfigurationList;
			buildConfigurations = (
				C46E322829628A52000DF094 /* Debug */,
				C46E322929628A52000DF094 /* Release */,
			);
			defaultConfigurationIsVisible = 0;
			defaultConfigurationName = Release;
		};
/* End XCConfigurationList section */

/* Begin XCRemoteSwiftPackageReference section */
		C43A71C1296A1AFA0061538A /* XCRemoteSwiftPackageReference "purchases-ios" */ = {
			isa = XCRemoteSwiftPackageReference;
			repositoryURL = "https://github.com/RevenueCat/purchases-ios.git";
			requirement = {
				kind = upToNextMajorVersion;
				minimumVersion = 4.0.0;
			};
		};
		C46E322A29628B67000DF094 /* XCRemoteSwiftPackageReference "firebase-ios-sdk" */ = {
			isa = XCRemoteSwiftPackageReference;
			repositoryURL = "https://github.com/firebase/firebase-ios-sdk";
			requirement = {
				kind = upToNextMajorVersion;
				minimumVersion = 9.0.0;
			};
		};
		C46E323529628C25000DF094 /* XCRemoteSwiftPackageReference "Mailchimp-SDK-iOS" */ = {
			isa = XCRemoteSwiftPackageReference;
			repositoryURL = "https://github.com/mailchimp/Mailchimp-SDK-iOS";
			requirement = {
				branch = main;
				kind = branch;
			};
		};
/* End XCRemoteSwiftPackageReference section */

/* Begin XCSwiftPackageProductDependency section */
		C43A71C2296A1AFA0061538A /* RevenueCat */ = {
			isa = XCSwiftPackageProductDependency;
			package = C43A71C1296A1AFA0061538A /* XCRemoteSwiftPackageReference "purchases-ios" */;
			productName = RevenueCat;
		};
		C43A71C5296A1CE60061538A /* FirebaseMessaging */ = {
			isa = XCSwiftPackageProductDependency;
			package = C46E322A29628B67000DF094 /* XCRemoteSwiftPackageReference "firebase-ios-sdk" */;
			productName = FirebaseMessaging;
		};
		C46E322B29628B67000DF094 /* FirebaseAnalytics */ = {
			isa = XCSwiftPackageProductDependency;
			package = C46E322A29628B67000DF094 /* XCRemoteSwiftPackageReference "firebase-ios-sdk" */;
			productName = FirebaseAnalytics;
		};
		C46E322D29628B67000DF094 /* FirebaseAuth */ = {
			isa = XCSwiftPackageProductDependency;
			package = C46E322A29628B67000DF094 /* XCRemoteSwiftPackageReference "firebase-ios-sdk" */;
			productName = FirebaseAuth;
		};
		C46E322F29628B67000DF094 /* FirebaseCrashlytics */ = {
			isa = XCSwiftPackageProductDependency;
			package = C46E322A29628B67000DF094 /* XCRemoteSwiftPackageReference "firebase-ios-sdk" */;
			productName = FirebaseCrashlytics;
		};
		C46E323129628B67000DF094 /* FirebaseFirestore */ = {
			isa = XCSwiftPackageProductDependency;
			package = C46E322A29628B67000DF094 /* XCRemoteSwiftPackageReference "firebase-ios-sdk" */;
			productName = FirebaseFirestore;
		};
		C46E323329628B67000DF094 /* FirebaseStorage */ = {
			isa = XCSwiftPackageProductDependency;
			package = C46E322A29628B67000DF094 /* XCRemoteSwiftPackageReference "firebase-ios-sdk" */;
			productName = FirebaseStorage;
		};
		C46E323629628C25000DF094 /* MailchimpSDK */ = {
			isa = XCSwiftPackageProductDependency;
			package = C46E323529628C25000DF094 /* XCRemoteSwiftPackageReference "Mailchimp-SDK-iOS" */;
			productName = MailchimpSDK;
		};
/* End XCSwiftPackageProductDependency section */
	};
	rootObject = C46E321129628A50000DF094 /* Project object */;
}
